// !$*UTF8*$!
{
	archiveVersion = 1;
	classes = {
	};
	objectVersion = 46;
	objects = {

/* Begin PBXBuildFile section */
		8AC8C8C71D02D78E009CE4D8 /* AppDelegate.swift in Sources */ = {isa = PBXBuildFile; fileRef = 8AC8C8C61D02D78E009CE4D8 /* AppDelegate.swift */; };
		8AC8C8C91D02D78E009CE4D8 /* ViewController.swift in Sources */ = {isa = PBXBuildFile; fileRef = 8AC8C8C81D02D78E009CE4D8 /* ViewController.swift */; };
		8AC8C8CC1D02D78E009CE4D8 /* Main.storyboard in Resources */ = {isa = PBXBuildFile; fileRef = 8AC8C8CA1D02D78E009CE4D8 /* Main.storyboard */; };
		8AC8C8CE1D02D78E009CE4D8 /* Assets.xcassets in Resources */ = {isa = PBXBuildFile; fileRef = 8AC8C8CD1D02D78E009CE4D8 /* Assets.xcassets */; };
		8AC8C8D11D02D78E009CE4D8 /* LaunchScreen.storyboard in Resources */ = {isa = PBXBuildFile; fileRef = 8AC8C8CF1D02D78E009CE4D8 /* LaunchScreen.storyboard */; };
		8AC8C8DC1D02D78E009CE4D8 /* UnHashMeTests.swift in Sources */ = {isa = PBXBuildFile; fileRef = 8AC8C8DB1D02D78E009CE4D8 /* UnHashMeTests.swift */; };
		8AC8C8E71D02E5A8009CE4D8 /* Hash.swift in Sources */ = {isa = PBXBuildFile; fileRef = 8AC8C8E61D02E5A8009CE4D8 /* Hash.swift */; };
/* End PBXBuildFile section */

/* Begin PBXContainerItemProxy section */
		8AC8C8D81D02D78E009CE4D8 /* PBXContainerItemProxy */ = {
			isa = PBXContainerItemProxy;
			containerPortal = 8AC8C8BB1D02D78E009CE4D8 /* Project object */;
			proxyType = 1;
			remoteGlobalIDString = 8AC8C8C21D02D78E009CE4D8;
			remoteInfo = UnHashMe;
		};
/* End PBXContainerItemProxy section */

/* Begin PBXFileReference section */
		8AC8C8C31D02D78E009CE4D8 /* UnHashMe.app */ = {isa = PBXFileReference; explicitFileType = wrapper.application; includeInIndex = 0; path = UnHashMe.app; sourceTree = BUILT_PRODUCTS_DIR; };
		8AC8C8C61D02D78E009CE4D8 /* AppDelegate.swift */ = {isa = PBXFileReference; lastKnownFileType = sourcecode.swift; path = AppDelegate.swift; sourceTree = "<group>"; };
		8AC8C8C81D02D78E009CE4D8 /* ViewController.swift */ = {isa = PBXFileReference; lastKnownFileType = sourcecode.swift; path = ViewController.swift; sourceTree = "<group>"; };
		8AC8C8CB1D02D78E009CE4D8 /* Base */ = {isa = PBXFileReference; lastKnownFileType = file.storyboard; name = Base; path = Base.lproj/Main.storyboard; sourceTree = "<group>"; };
		8AC8C8CD1D02D78E009CE4D8 /* Assets.xcassets */ = {isa = PBXFileReference; lastKnownFileType = folder.assetcatalog; path = Assets.xcassets; sourceTree = "<group>"; };
		8AC8C8D01D02D78E009CE4D8 /* Base */ = {isa = PBXFileReference; lastKnownFileType = file.storyboard; name = Base; path = Base.lproj/LaunchScreen.storyboard; sourceTree = "<group>"; };
		8AC8C8D21D02D78E009CE4D8 /* Info.plist */ = {isa = PBXFileReference; lastKnownFileType = text.plist.xml; path = Info.plist; sourceTree = "<group>"; };
		8AC8C8D71D02D78E009CE4D8 /* UnHashMeTests.xctest */ = {isa = PBXFileReference; explicitFileType = wrapper.cfbundle; includeInIndex = 0; path = UnHashMeTests.xctest; sourceTree = BUILT_PRODUCTS_DIR; };
		8AC8C8DB1D02D78E009CE4D8 /* UnHashMeTests.swift */ = {isa = PBXFileReference; lastKnownFileType = sourcecode.swift; path = UnHashMeTests.swift; sourceTree = "<group>"; };
		8AC8C8DD1D02D78E009CE4D8 /* Info.plist */ = {isa = PBXFileReference; lastKnownFileType = text.plist.xml; path = Info.plist; sourceTree = "<group>"; };
		8AC8C8E61D02E5A8009CE4D8 /* Hash.swift */ = {isa = PBXFileReference; fileEncoding = 4; lastKnownFileType = sourcecode.swift; path = Hash.swift; sourceTree = "<group>"; };
/* End PBXFileReference section */

/* Begin PBXFrameworksBuildPhase section */
		8AC8C8C01D02D78E009CE4D8 /* Frameworks */ = {
			isa = PBXFrameworksBuildPhase;
			buildActionMask = 2147483647;
			files = (
			);
			runOnlyForDeploymentPostprocessing = 0;
		};
		8AC8C8D41D02D78E009CE4D8 /* Frameworks */ = {
			isa = PBXFrameworksBuildPhase;
			buildActionMask = 2147483647;
			files = (
			);
			runOnlyForDeploymentPostprocessing = 0;
		};
/* End PBXFrameworksBuildPhase section */

/* Begin PBXGroup section */
		8AC8C8BA1D02D78E009CE4D8 = {
			isa = PBXGroup;
			children = (
				8AC8C8C51D02D78E009CE4D8 /* UnHashMe */,
				8AC8C8DA1D02D78E009CE4D8 /* UnHashMeTests */,
				8AC8C8C41D02D78E009CE4D8 /* Products */,
			);
			sourceTree = "<group>";
		};
		8AC8C8C41D02D78E009CE4D8 /* Products */ = {
			isa = PBXGroup;
			children = (
				8AC8C8C31D02D78E009CE4D8 /* UnHashMe.app */,
				8AC8C8D71D02D78E009CE4D8 /* UnHashMeTests.xctest */,
			);
			name = Products;
			sourceTree = "<group>";
		};
		8AC8C8C51D02D78E009CE4D8 /* UnHashMe */ = {
			isa = PBXGroup;
			children = (
				8AC8C8C61D02D78E009CE4D8 /* AppDelegate.swift */,
				8AC8C8E61D02E5A8009CE4D8 /* Hash.swift */,
				8AC8C8C81D02D78E009CE4D8 /* ViewController.swift */,
				8AC8C8CA1D02D78E009CE4D8 /* Main.storyboard */,
				8AC8C8CF1D02D78E009CE4D8 /* LaunchScreen.storyboard */,
				8AC8C8D21D02D78E009CE4D8 /* Info.plist */,
				8AC8C8CD1D02D78E009CE4D8 /* Assets.xcassets */,
			);
			path = UnHashMe;
			sourceTree = "<group>";
		};
		8AC8C8DA1D02D78E009CE4D8 /* UnHashMeTests */ = {
			isa = PBXGroup;
			children = (
				8AC8C8DB1D02D78E009CE4D8 /* UnHashMeTests.swift */,
				8AC8C8DD1D02D78E009CE4D8 /* Info.plist */,
			);
			path = UnHashMeTests;
			sourceTree = "<group>";
		};
/* End PBXGroup section */

/* Begin PBXNativeTarget section */
		8AC8C8C21D02D78E009CE4D8 /* UnHashMe */ = {
			isa = PBXNativeTarget;
			buildConfigurationList = 8AC8C8E01D02D78E009CE4D8 /* Build configuration list for PBXNativeTarget "UnHashMe" */;
			buildPhases = (
				8AC8C8BF1D02D78E009CE4D8 /* Sources */,
				8AC8C8C01D02D78E009CE4D8 /* Frameworks */,
				8AC8C8C11D02D78E009CE4D8 /* Resources */,
			);
			buildRules = (
			);
			dependencies = (
			);
			name = UnHashMe;
			productName = UnHashMe;
			productReference = 8AC8C8C31D02D78E009CE4D8 /* UnHashMe.app */;
			productType = "com.apple.product-type.application";
		};
		8AC8C8D61D02D78E009CE4D8 /* UnHashMeTests */ = {
			isa = PBXNativeTarget;
			buildConfigurationList = 8AC8C8E31D02D78E009CE4D8 /* Build configuration list for PBXNativeTarget "UnHashMeTests" */;
			buildPhases = (
				8AC8C8D31D02D78E009CE4D8 /* Sources */,
				8AC8C8D41D02D78E009CE4D8 /* Frameworks */,
				8AC8C8D51D02D78E009CE4D8 /* Resources */,
			);
			buildRules = (
			);
			dependencies = (
				8AC8C8D91D02D78E009CE4D8 /* PBXTargetDependency */,
			);
			name = UnHashMeTests;
			productName = UnHashMeTests;
			productReference = 8AC8C8D71D02D78E009CE4D8 /* UnHashMeTests.xctest */;
			productType = "com.apple.product-type.bundle.unit-test";
		};
/* End PBXNativeTarget section */

/* Begin PBXProject section */
		8AC8C8BB1D02D78E009CE4D8 /* Project object */ = {
			isa = PBXProject;
			attributes = {
				LastSwiftUpdateCheck = 0730;
				LastUpgradeCheck = 0730;
				ORGANIZATIONNAME = "Alexey Zhilnikov";
				TargetAttributes = {
					8AC8C8C21D02D78E009CE4D8 = {
						CreatedOnToolsVersion = 7.3.1;
						DevelopmentTeam = MKA9RVA5U8;
					};
					8AC8C8D61D02D78E009CE4D8 = {
						CreatedOnToolsVersion = 7.3.1;
						DevelopmentTeam = MKA9RVA5U8;
						TestTargetID = 8AC8C8C21D02D78E009CE4D8;
					};
				};
			};
			buildConfigurationList = 8AC8C8BE1D02D78E009CE4D8 /* Build configuration list for PBXProject "UnHashMe" */;
			compatibilityVersion = "Xcode 3.2";
			developmentRegion = English;
			hasScannedForEncodings = 0;
			knownRegions = (
				en,
				Base,
			);
			mainGroup = 8AC8C8BA1D02D78E009CE4D8;
			productRefGroup = 8AC8C8C41D02D78E009CE4D8 /* Products */;
			projectDirPath = "";
			projectRoot = "";
			targets = (
				8AC8C8C21D02D78E009CE4D8 /* UnHashMe */,
				8AC8C8D61D02D78E009CE4D8 /* UnHashMeTests */,
			);
		};
/* End PBXProject section */

/* Begin PBXResourcesBuildPhase section */
		8AC8C8C11D02D78E009CE4D8 /* Resources */ = {
			isa = PBXResourcesBuildPhase;
			buildActionMask = 2147483647;
			files = (
				8AC8C8D11D02D78E009CE4D8 /* LaunchScreen.storyboard in Resources */,
				8AC8C8CE1D02D78E009CE4D8 /* Assets.xcassets in Resources */,
				8AC8C8CC1D02D78E009CE4D8 /* Main.storyboard in Resources */,
			);
			runOnlyForDeploymentPostprocessing = 0;
		};
		8AC8C8D51D02D78E009CE4D8 /* Resources */ = {
			isa = PBXResourcesBuildPhase;
			buildActionMask = 2147483647;
			files = (
			);
			runOnlyForDeploymentPostprocessing = 0;
		};
/* End PBXResourcesBuildPhase section */

/* Begin PBXSourcesBuildPhase section */
		8AC8C8BF1D02D78E009CE4D8 /* Sources */ = {
			isa = PBXSourcesBuildPhase;
			buildActionMask = 2147483647;
			files = (
				8AC8C8C91D02D78E009CE4D8 /* ViewController.swift in Sources */,
				8AC8C8E71D02E5A8009CE4D8 /* Hash.swift in Sources */,
				8AC8C8C71D02D78E009CE4D8 /* AppDelegate.swift in Sources */,
			);
			runOnlyForDeploymentPostprocessing = 0;
		};
		8AC8C8D31D02D78E009CE4D8 /* Sources */ = {
			isa = PBXSourcesBuildPhase;
			buildActionMask = 2147483647;
			files = (
				8AC8C8DC1D02D78E009CE4D8 /* UnHashMeTests.swift in Sources */,
			);
			runOnlyForDeploymentPostprocessing = 0;
		};
/* End PBXSourcesBuildPhase section */

/* Begin PBXTargetDependency section */
		8AC8C8D91D02D78E009CE4D8 /* PBXTargetDependency */ = {
			isa = PBXTargetDependency;
			target = 8AC8C8C21D02D78E009CE4D8 /* UnHashMe */;
			targetProxy = 8AC8C8D81D02D78E009CE4D8 /* PBXContainerItemProxy */;
		};
/* End PBXTargetDependency section */

/* Begin PBXVariantGroup section */
		8AC8C8CA1D02D78E009CE4D8 /* Main.storyboard */ = {
			isa = PBXVariantGroup;
			children = (
				8AC8C8CB1D02D78E009CE4D8 /* Base */,
			);
			name = Main.storyboard;
			sourceTree = "<group>";
		};
		8AC8C8CF1D02D78E009CE4D8 /* LaunchScreen.storyboard */ = {
			isa = PBXVariantGroup;
			children = (
				8AC8C8D01D02D78E009CE4D8 /* Base */,
			);
			name = LaunchScreen.storyboard;
			sourceTree = "<group>";
		};
/* End PBXVariantGroup section */

/* Begin XCBuildConfiguration section */
		8AC8C8DE1D02D78E009CE4D8 /* Debug */ = {
			isa = XCBuildConfiguration;
			buildSettings = {
				ALWAYS_SEARCH_USER_PATHS = NO;
				CLANG_ANALYZER_NONNULL = YES;
				CLANG_CXX_LANGUAGE_STANDARD = "gnu++0x";
				CLANG_CXX_LIBRARY = "libc++";
				CLANG_ENABLE_MODULES = YES;
				CLANG_ENABLE_OBJC_ARC = YES;
				CLANG_WARN_BOOL_CONVERSION = YES;
				CLANG_WARN_CONSTANT_CONVERSION = YES;
				CLANG_WARN_DIRECT_OBJC_ISA_USAGE = YES_ERROR;
				CLANG_WARN_EMPTY_BODY = YES;
				CLANG_WARN_ENUM_CONVERSION = YES;
				CLANG_WARN_INT_CONVERSION = YES;
				CLANG_WARN_OBJC_ROOT_CLASS = YES_ERROR;
				CLANG_WARN_UNREACHABLE_CODE = YES;
				CLANG_WARN__DUPLICATE_METHOD_MATCH = YES;
				"CODE_SIGN_IDENTITY[sdk=iphoneos*]" = "iPhone Developer";
				COPY_PHASE_STRIP = NO;
				DEBUG_INFORMATION_FORMAT = dwarf;
				ENABLE_STRICT_OBJC_MSGSEND = YES;
				ENABLE_TESTABILITY = YES;
				GCC_C_LANGUAGE_STANDARD = gnu99;
				GCC_DYNAMIC_NO_PIC = NO;
				GCC_NO_COMMON_BLOCKS = YES;
				GCC_OPTIMIZATION_LEVEL = 0;
				GCC_PREPROCESSOR_DEFINITIONS = (
					"DEBUG=1",
					"$(inherited)",
				);
				GCC_WARN_64_TO_32_BIT_CONVERSION = YES;
				GCC_WARN_ABOUT_RETURN_TYPE = YES_ERROR;
				GCC_WARN_UNDECLARED_SELECTOR = YES;
				GCC_WARN_UNINITIALIZED_AUTOS = YES_AGGRESSIVE;
				GCC_WARN_UNUSED_FUNCTION = YES;
				GCC_WARN_UNUSED_VARIABLE = YES;
				IPHONEOS_DEPLOYMENT_TARGET = 9.3;
				MTL_ENABLE_DEBUG_INFO = YES;
				ONLY_ACTIVE_ARCH = YES;
				SDKROOT = iphoneos;
				SWIFT_OPTIMIZATION_LEVEL = "-Onone";
				TARGETED_DEVICE_FAMILY = "1,2";
			};
			name = Debug;
		};
		8AC8C8DF1D02D78E009CE4D8 /* Release */ = {
			isa = XCBuildConfiguration;
			buildSettings = {
				ALWAYS_SEARCH_USER_PATHS = NO;
				CLANG_ANALYZER_NONNULL = YES;
				CLANG_CXX_LANGUAGE_STANDARD = "gnu++0x";
				CLANG_CXX_LIBRARY = "libc++";
				CLANG_ENABLE_MODULES = YES;
				CLANG_ENABLE_OBJC_ARC = YES;
				CLANG_WARN_BOOL_CONVERSION = YES;
				CLANG_WARN_CONSTANT_CONVERSION = YES;
				CLANG_WARN_DIRECT_OBJC_ISA_USAGE = YES_ERROR;
				CLANG_WARN_EMPTY_BODY = YES;
				CLANG_WARN_ENUM_CONVERSION = YES;
				CLANG_WARN_INT_CONVERSION = YES;
				CLANG_WARN_OBJC_ROOT_CLASS = YES_ERROR;
				CLANG_WARN_UNREACHABLE_CODE = YES;
				CLANG_WARN__DUPLICATE_METHOD_MATCH = YES;
				"CODE_SIGN_IDENTITY[sdk=iphoneos*]" = "iPhone Developer";
				COPY_PHASE_STRIP = NO;
				DEBUG_INFORMATION_FORMAT = "dwarf-with-dsym";
				ENABLE_NS_ASSERTIONS = NO;
				ENABLE_STRICT_OBJC_MSGSEND = YES;
				GCC_C_LANGUAGE_STANDARD = gnu99;
				GCC_NO_COMMON_BLOCKS = YES;
				GCC_WARN_64_TO_32_BIT_CONVERSION = YES;
				GCC_WARN_ABOUT_RETURN_TYPE = YES_ERROR;
				GCC_WARN_UNDECLARED_SELECTOR = YES;
				GCC_WARN_UNINITIALIZED_AUTOS = YES_AGGRESSIVE;
				GCC_WARN_UNUSED_FUNCTION = YES;
				GCC_WARN_UNUSED_VARIABLE = YES;
				IPHONEOS_DEPLOYMENT_TARGET = 9.3;
				MTL_ENABLE_DEBUG_INFO = NO;
				SDKROOT = iphoneos;
				TARGETED_DEVICE_FAMILY = "1,2";
				VALIDATE_PRODUCT = YES;
			};
			name = Release;
		};
		8AC8C8E11D02D78E009CE4D8 /* Debug */ = {
			isa = XCBuildConfiguration;
			buildSettings = {
				ASSETCATALOG_COMPILER_APPICON_NAME = AppIcon;
				INFOPLIST_FILE = UnHashMe/Info.plist;
				LD_RUNPATH_SEARCH_PATHS = "$(inherited) @executable_path/Frameworks";
				PRODUCT_BUNDLE_IDENTIFIER = az.UnHashMe;
				PRODUCT_NAME = "$(TARGET_NAME)";
			};
			name = Debug;
		};
		8AC8C8E21D02D78E009CE4D8 /* Release */ = {
			isa = XCBuildConfiguration;
			buildSettings = {
				ASSETCATALOG_COMPILER_APPICON_NAME = AppIcon;
				INFOPLIST_FILE = UnHashMe/Info.plist;
				LD_RUNPATH_SEARCH_PATHS = "$(inherited) @executable_path/Frameworks";
				PRODUCT_BUNDLE_IDENTIFIER = az.UnHashMe;
				PRODUCT_NAME = "$(TARGET_NAME)";
			};
			name = Release;
		};
		8AC8C8E41D02D78E009CE4D8 /* Debug */ = {
			isa = XCBuildConfiguration;
			buildSettings = {
				BUNDLE_LOADER = "$(TEST_HOST)";
				INFOPLIST_FILE = UnHashMeTests/Info.plist;
				LD_RUNPATH_SEARCH_PATHS = "$(inherited) @executable_path/Frameworks @loader_path/Frameworks";
				PRODUCT_BUNDLE_IDENTIFIER = az.UnHashMeTests;
				PRODUCT_NAME = "$(TARGET_NAME)";
				TEST_HOST = "$(BUILT_PRODUCTS_DIR)/UnHashMe.app/UnHashMe";
			};
			name = Debug;
		};
		8AC8C8E51D02D78E009CE4D8 /* Release */ = {
			isa = XCBuildConfiguration;
			buildSettings = {
				BUNDLE_LOADER = "$(TEST_HOST)";
				INFOPLIST_FILE = UnHashMeTests/Info.plist;
				LD_RUNPATH_SEARCH_PATHS = "$(inherited) @executable_path/Frameworks @loader_path/Frameworks";
				PRODUCT_BUNDLE_IDENTIFIER = az.UnHashMeTests;
				PRODUCT_NAME = "$(TARGET_NAME)";
				TEST_HOST = "$(BUILT_PRODUCTS_DIR)/UnHashMe.app/UnHashMe";
			};
			name = Release;
		};
/* End XCBuildConfiguration section */

/* Begin XCConfigurationList section */
		8AC8C8BE1D02D78E009CE4D8 /* Build configuration list for PBXProject "UnHashMe" */ = {
			isa = XCConfigurationList;
			buildConfigurations = (
				8AC8C8DE1D02D78E009CE4D8 /* Debug */,
				8AC8C8DF1D02D78E009CE4D8 /* Release */,
			);
			defaultConfigurationIsVisible = 0;
			defaultConfigurationName = Release;
		};
		8AC8C8E01D02D78E009CE4D8 /* Build configuration list for PBXNativeTarget "UnHashMe" */ = {
			isa = XCConfigurationList;
			buildConfigurations = (
				8AC8C8E11D02D78E009CE4D8 /* Debug */,
				8AC8C8E21D02D78E009CE4D8 /* Release */,
			);
			defaultConfigurationIsVisible = 0;
		};
		8AC8C8E31D02D78E009CE4D8 /* Build configuration list for PBXNativeTarget "UnHashMeTests" */ = {
			isa = XCConfigurationList;
			buildConfigurations = (
				8AC8C8E41D02D78E009CE4D8 /* Debug */,
				8AC8C8E51D02D78E009CE4D8 /* Release */,
			);
			defaultConfigurationIsVisible = 0;
		};
/* End XCConfigurationList section */
	};
	rootObject = 8AC8C8BB1D02D78E009CE4D8 /* Project object */;
}
